Microsoft Visual Studio Solution File, Format Version 12.00
# Visual Studio Version 17
VisualStudioVersion = 17.5.2.0
MinimumVisualStudioVersion = 10.0.40219.1
Project("{FAE04EC0-301F-11D3-BF4B-00C04F79EFBC}") = "HikerTrader", "HikerTrader.csproj", "{9EA2DC40-9571-6D40-7EDC-F25744848B19}"
EndProject
Global
	GlobalSection(SolutionConfigurationPlatforms) = preSolution
		Debug|Any CPU = Debug|Any CPU
		Release|Any CPU = Release|Any CPU
	EndGlobalSection
	GlobalSection(ProjectConfigurationPlatforms) = postSolution
		{9EA2DC40-9571-6D40-7EDC-F25744848B19}.Debug|Any CPU.ActiveCfg = Debug|Any CPU
		{9EA2DC40-9571-6D40-7EDC-F25744848B19}.Debug|Any CPU.Build.0 = Debug|Any CPU
		{9EA2DC40-9571-6D40-7EDC-F25744848B19}.Release|Any CPU.ActiveCfg = Release|Any CPU
		{9EA2DC40-9571-6D40-7EDC-F25744848B19}.Release|Any CPU.Build.0 = Release|Any CPU
	EndGlobalSection
	GlobalSection(SolutionProperties) = preSolution
		HideSolutionNode = FALSE
	EndGlobalSection
	GlobalSection(ExtensibilityGlobals) = postSolution
		SolutionGuid = {E897D825-0630-4864-BA55-9B9BD5F52795}
	EndGlobalSection
EndGlobal
